{
  "originHash" : "d1400865b8113b8a5f5a02ffbe951a79357284d778e6c4e4ac57d1f3ef99003f",
  "pins" : [
    {
      "identity" : "libgit2",
      "kind" : "remoteSourceControl",
      "location" : "https://github.com/ibrahimcetin/libgit2.git",
      "state" : {
        "branch" : "v1.9.2",
        "revision" : "bf20b12cde6584d107cbb343994c9023f84efd6c"
      }
    }
  ],
  "version" : 3
}
